
Microsoft Visual Studio Solution File, Format Version 12.00
# Visual Studio Version 17
VisualStudioVersion = 17.13.35919.96 d17.13
MinimumVisualStudioVersion = 10.0.40219.1
Project("{FAE04EC0-301F-11D3-BF4B-00C04F79EFBC}") = "CakeShopOrderManagement", "CakeShopOrderManagement\CakeShopOrderManagement.csproj", "{E44BA6E3-BDF1-47E7-AB26-2A4B86B77695}"
EndProject
Global
	GlobalSection(SolutionConfigurationPlatforms) = preSolution
		Debug|Any CPU = Debug|Any CPU
		Release|Any CPU = Release|Any CPU
	EndGlobalSection
	GlobalSection(ProjectConfigurationPlatforms) = postSolution
		{E44BA6E3-BDF1-47E7-AB26-2A4B86B77695}.Debug|Any CPU.ActiveCfg = Debug|Any CPU
		{E44BA6E3-BDF1-47E7-AB26-2A4B86B77695}.Debug|Any CPU.Build.0 = Debug|Any CPU
		{E44BA6E3-BDF1-47E7-AB26-2A4B86B77695}.Release|Any CPU.ActiveCfg = Release|Any CPU
		{E44BA6E3-BDF1-47E7-AB26-2A4B86B77695}.Release|Any CPU.Build.0 = Release|Any CPU
	EndGlobalSection
	GlobalSection(SolutionProperties) = preSolution
		HideSolutionNode = FALSE
	EndGlobalSection
	GlobalSection(ExtensibilityGlobals) = postSolution
		SolutionGuid = {00A2E414-FB86-44CC-A593-51EE3BDBE7A7}
	EndGlobalSection
EndGlobal
